
Microsoft Visual Studio Solution File, Format Version 12.00
# Visual Studio Version 16
VisualStudioVersion = 16.0.32602.291
MinimumVisualStudioVersion = 10.0.40219.1
Project("{FAE04EC0-301F-11D3-BF4B-00C04F79EFBC}") = "Back_End_Project", "Back_End_Project\Back_End_Project.csproj", "{9CF42C8F-B3A2-44ED-936E-21F05BB006EE}"
EndProject
Global
	GlobalSection(SolutionConfigurationPlatforms) = preSolution
		Debug|Any CPU = Debug|Any CPU
		Release|Any CPU = Release|Any CPU
	EndGlobalSection
	GlobalSection(ProjectConfigurationPlatforms) = postSolution
		{9CF42C8F-B3A2-44ED-936E-21F05BB006EE}.Debug|Any CPU.ActiveCfg = Debug|Any CPU
		{9CF42C8F-B3A2-44ED-936E-21F05BB006EE}.Debug|Any CPU.Build.0 = Debug|Any CPU
		{9CF42C8F-B3A2-44ED-936E-21F05BB006EE}.Release|Any CPU.ActiveCfg = Release|Any CPU
		{9CF42C8F-B3A2-44ED-936E-21F05BB006EE}.Release|Any CPU.Build.0 = Release|Any CPU
	EndGlobalSection
	GlobalSection(SolutionProperties) = preSolution
		HideSolutionNode = FALSE
	EndGlobalSection
	GlobalSection(ExtensibilityGlobals) = postSolution
		SolutionGuid = {664D670F-0F24-41A4-9666-F4E5FAF1C2EB}
	EndGlobalSection
EndGlobal
